
Microsoft Visual Studio Solution File, Format Version 12.00
# Visual Studio Version 17
VisualStudioVersion = 17.1.32328.378
MinimumVisualStudioVersion = 10.0.40219.1
Project("{9A19103F-16F7-4668-BE54-9A1E7A4F7556}") = "IncidentProject", "WebApplication1\IncidentProject.csproj", "{D60B5A4A-6E4D-4CF8-B7F0-5B79DEE95606}"
EndProject
Global
	GlobalSection(SolutionConfigurationPlatforms) = preSolution
		Debug|Any CPU = Debug|Any CPU
		Release|Any CPU = Release|Any CPU
	EndGlobalSection
	GlobalSection(ProjectConfigurationPlatforms) = postSolution
		{D60B5A4A-6E4D-4CF8-B7F0-5B79DEE95606}.Debug|Any CPU.ActiveCfg = Debug|Any CPU
		{D60B5A4A-6E4D-4CF8-B7F0-5B79DEE95606}.Debug|Any CPU.Build.0 = Debug|Any CPU
		{D60B5A4A-6E4D-4CF8-B7F0-5B79DEE95606}.Release|Any CPU.ActiveCfg = Release|Any CPU
		{D60B5A4A-6E4D-4CF8-B7F0-5B79DEE95606}.Release|Any CPU.Build.0 = Release|Any CPU
	EndGlobalSection
	GlobalSection(SolutionProperties) = preSolution
		HideSolutionNode = FALSE
	EndGlobalSection
	GlobalSection(ExtensibilityGlobals) = postSolution
		SolutionGuid = {9A998367-8C2A-490A-8C03-20658D1FA2E8}
	EndGlobalSection
EndGlobal
